
Microsoft Visual Studio Solution File, Format Version 12.00
# Visual Studio Version 17
VisualStudioVersion = 17.10.35013.160
MinimumVisualStudioVersion = 10.0.40219.1
Project("{FAE04EC0-301F-11D3-BF4B-00C04F79EFBC}") = "Task-30-6", "Task-30-6\Task-30-6.csproj", "{1CB7ECDD-225F-4AD8-A32C-30F8D2FAE378}"
EndProject
Global
	GlobalSection(SolutionConfigurationPlatforms) = preSolution
		Debug|Any CPU = Debug|Any CPU
		Release|Any CPU = Release|Any CPU
	EndGlobalSection
	GlobalSection(ProjectConfigurationPlatforms) = postSolution
		{1CB7ECDD-225F-4AD8-A32C-30F8D2FAE378}.Debug|Any CPU.ActiveCfg = Debug|Any CPU
		{1CB7ECDD-225F-4AD8-A32C-30F8D2FAE378}.Debug|Any CPU.Build.0 = Debug|Any CPU
		{1CB7ECDD-225F-4AD8-A32C-30F8D2FAE378}.Release|Any CPU.ActiveCfg = Release|Any CPU
		{1CB7ECDD-225F-4AD8-A32C-30F8D2FAE378}.Release|Any CPU.Build.0 = Release|Any CPU
	EndGlobalSection
	GlobalSection(SolutionProperties) = preSolution
		HideSolutionNode = FALSE
	EndGlobalSection
	GlobalSection(ExtensibilityGlobals) = postSolution
		SolutionGuid = {1802DE36-762C-4397-A101-E8F2591E1A8A}
	EndGlobalSection
EndGlobal
